// !$*UTF8*$!
{
	archiveVersion = 1;
	classes = {
	};
	objectVersion = 46;
	objects = {

/* Begin PBXBuildFile section */
		6CCE7F7F1AD2D4800071AD85 /* AppDelegate.swift in Sources */ = {isa = PBXBuildFile; fileRef = 6CCE7F7E1AD2D4800071AD85 /* AppDelegate.swift */; };
		6CCE7F811AD2D4800071AD85 /* ViewController.swift in Sources */ = {isa = PBXBuildFile; fileRef = 6CCE7F801AD2D4800071AD85 /* ViewController.swift */; };
		6CCE7F831AD2D4800071AD85 /* Images.xcassets in Resources */ = {isa = PBXBuildFile; fileRef = 6CCE7F821AD2D4800071AD85 /* Images.xcassets */; };
		6CCE7F861AD2D4800071AD85 /* Main.storyboard in Resources */ = {isa = PBXBuildFile; fileRef = 6CCE7F841AD2D4800071AD85 /* Main.storyboard */; };
		6CCE7F921AD2D4800071AD85 /* MacAppIntroTests.swift in Sources */ = {isa = PBXBuildFile; fileRef = 6CCE7F911AD2D4800071AD85 /* MacAppIntroTests.swift */; };
/* End PBXBuildFile section */

/* Begin PBXContainerItemProxy section */
		6CCE7F8C1AD2D4800071AD85 /* PBXContainerItemProxy */ = {
			isa = PBXContainerItemProxy;
			containerPortal = 6CCE7F711AD2D4800071AD85 /* Project object */;
			proxyType = 1;
			remoteGlobalIDString = 6CCE7F781AD2D4800071AD85;
			remoteInfo = MacAppIntro;
		};
/* End PBXContainerItemProxy section */

/* Begin PBXFileReference section */
		6CCE7F791AD2D4800071AD85 /* BLE_Mac_Scanner.app */ = {isa = PBXFileReference; explicitFileType = wrapper.application; includeInIndex = 0; path = BLE_Mac_Scanner.app; sourceTree = BUILT_PRODUCTS_DIR; };
		6CCE7F7D1AD2D4800071AD85 /* Info.plist */ = {isa = PBXFileReference; lastKnownFileType = text.plist.xml; path = Info.plist; sourceTree = "<group>"; };
		6CCE7F7E1AD2D4800071AD85 /* AppDelegate.swift */ = {isa = PBXFileReference; lastKnownFileType = sourcecode.swift; path = AppDelegate.swift; sourceTree = "<group>"; };
		6CCE7F801AD2D4800071AD85 /* ViewController.swift */ = {isa = PBXFileReference; lastKnownFileType = sourcecode.swift; path = ViewController.swift; sourceTree = "<group>"; };
		6CCE7F821AD2D4800071AD85 /* Images.xcassets */ = {isa = PBXFileReference; lastKnownFileType = folder.assetcatalog; path = Images.xcassets; sourceTree = "<group>"; };
		6CCE7F851AD2D4800071AD85 /* Base */ = {isa = PBXFileReference; lastKnownFileType = file.storyboard; name = Base; path = Base.lproj/Main.storyboard; sourceTree = "<group>"; };
		6CCE7F8B1AD2D4800071AD85 /* BLE_Mac_ScannerTests.xctest */ = {isa = PBXFileReference; explicitFileType = wrapper.cfbundle; includeInIndex = 0; path = BLE_Mac_ScannerTests.xctest; sourceTree = BUILT_PRODUCTS_DIR; };
		6CCE7F901AD2D4800071AD85 /* Info.plist */ = {isa = PBXFileReference; lastKnownFileType = text.plist.xml; path = Info.plist; sourceTree = "<group>"; };
		6CCE7F911AD2D4800071AD85 /* MacAppIntroTests.swift */ = {isa = PBXFileReference; lastKnownFileType = sourcecode.swift; path = MacAppIntroTests.swift; sourceTree = "<group>"; };
/* End PBXFileReference section */

/* Begin PBXFrameworksBuildPhase section */
		6CCE7F761AD2D4800071AD85 /* Frameworks */ = {
			isa = PBXFrameworksBuildPhase;
			buildActionMask = 2147483647;
			files = (
			);
			runOnlyForDeploymentPostprocessing = 0;
		};
		6CCE7F881AD2D4800071AD85 /* Frameworks */ = {
			isa = PBXFrameworksBuildPhase;
			buildActionMask = 2147483647;
			files = (
			);
			runOnlyForDeploymentPostprocessing = 0;
		};
/* End PBXFrameworksBuildPhase section */

/* Begin PBXGroup section */
		6CCE7F701AD2D4800071AD85 = {
			isa = PBXGroup;
			children = (
				6CCE7F7B1AD2D4800071AD85 /* MacAppIntro */,
				6CCE7F8E1AD2D4800071AD85 /* MacAppIntroTests */,
				6CCE7F7A1AD2D4800071AD85 /* Products */,
			);
			sourceTree = "<group>";
		};
		6CCE7F7A1AD2D4800071AD85 /* Products */ = {
			isa = PBXGroup;
			children = (
				6CCE7F791AD2D4800071AD85 /* BLE_Mac_Scanner.app */,
				6CCE7F8B1AD2D4800071AD85 /* BLE_Mac_ScannerTests.xctest */,
			);
			name = Products;
			sourceTree = "<group>";
		};
		6CCE7F7B1AD2D4800071AD85 /* MacAppIntro */ = {
			isa = PBXGroup;
			children = (
				6CCE7F7E1AD2D4800071AD85 /* AppDelegate.swift */,
				6CCE7F801AD2D4800071AD85 /* ViewController.swift */,
				6CCE7F821AD2D4800071AD85 /* Images.xcassets */,
				6CCE7F841AD2D4800071AD85 /* Main.storyboard */,
				6CCE7F7C1AD2D4800071AD85 /* Supporting Files */,
			);
			path = MacAppIntro;
			sourceTree = "<group>";
		};
		6CCE7F7C1AD2D4800071AD85 /* Supporting Files */ = {
			isa = PBXGroup;
			children = (
				6CCE7F7D1AD2D4800071AD85 /* Info.plist */,
			);
			name = "Supporting Files";
			sourceTree = "<group>";
		};
		6CCE7F8E1AD2D4800071AD85 /* MacAppIntroTests */ = {
			isa = PBXGroup;
			children = (
				6CCE7F911AD2D4800071AD85 /* MacAppIntroTests.swift */,
				6CCE7F8F1AD2D4800071AD85 /* Supporting Files */,
			);
			path = MacAppIntroTests;
			sourceTree = "<group>";
		};
		6CCE7F8F1AD2D4800071AD85 /* Supporting Files */ = {
			isa = PBXGroup;
			children = (
				6CCE7F901AD2D4800071AD85 /* Info.plist */,
			);
			name = "Supporting Files";
			sourceTree = "<group>";
		};
/* End PBXGroup section */

/* Begin PBXNativeTarget section */
		6CCE7F781AD2D4800071AD85 /* BLE_Mac_Scanner */ = {
			isa = PBXNativeTarget;
			buildConfigurationList = 6CCE7F951AD2D4800071AD85 /* Build configuration list for PBXNativeTarget "BLE_Mac_Scanner" */;
			buildPhases = (
				6CCE7F751AD2D4800071AD85 /* Sources */,
				6CCE7F761AD2D4800071AD85 /* Frameworks */,
				6CCE7F771AD2D4800071AD85 /* Resources */,
			);
			buildRules = (
			);
			dependencies = (
			);
			name = BLE_Mac_Scanner;
			productName = MacAppIntro;
			productReference = 6CCE7F791AD2D4800071AD85 /* BLE_Mac_Scanner.app */;
			productType = "com.apple.product-type.application";
		};
		6CCE7F8A1AD2D4800071AD85 /* BLE_Mac_ScannerTests */ = {
			isa = PBXNativeTarget;
			buildConfigurationList = 6CCE7F981AD2D4800071AD85 /* Build configuration list for PBXNativeTarget "BLE_Mac_ScannerTests" */;
			buildPhases = (
				6CCE7F871AD2D4800071AD85 /* Sources */,
				6CCE7F881AD2D4800071AD85 /* Frameworks */,
				6CCE7F891AD2D4800071AD85 /* Resources */,
			);
			buildRules = (
			);
			dependencies = (
				6CCE7F8D1AD2D4800071AD85 /* PBXTargetDependency */,
			);
			name = BLE_Mac_ScannerTests;
			productName = MacAppIntroTests;
			productReference = 6CCE7F8B1AD2D4800071AD85 /* BLE_Mac_ScannerTests.xctest */;
			productType = "com.apple.product-type.bundle.unit-test";
		};
/* End PBXNativeTarget section */

/* Begin PBXProject section */
		6CCE7F711AD2D4800071AD85 /* Project object */ = {
			isa = PBXProject;
			attributes = {
				LastSwiftMigration = 0730;
				LastSwiftUpdateCheck = 0730;
				LastUpgradeCheck = 0620;
				ORGANIZATIONNAME = yuryg;
				TargetAttributes = {
					6CCE7F781AD2D4800071AD85 = {
						CreatedOnToolsVersion = 6.2;
					};
					6CCE7F8A1AD2D4800071AD85 = {
						CreatedOnToolsVersion = 6.2;
						TestTargetID = 6CCE7F781AD2D4800071AD85;
					};
				};
			};
			buildConfigurationList = 6CCE7F741AD2D4800071AD85 /* Build configuration list for PBXProject "BLE_Mac_Scanner" */;
			compatibilityVersion = "Xcode 3.2";
			developmentRegion = English;
			hasScannedForEncodings = 0;
			knownRegions = (
				en,
				Base,
			);
			mainGroup = 6CCE7F701AD2D4800071AD85;
			productRefGroup = 6CCE7F7A1AD2D4800071AD85 /* Products */;
			projectDirPath = "";
			projectRoot = "";
			targets = (
				6CCE7F781AD2D4800071AD85 /* BLE_Mac_Scanner */,
				6CCE7F8A1AD2D4800071AD85 /* BLE_Mac_ScannerTests */,
			);
		};
/* End PBXProject section */

/* Begin PBXResourcesBuildPhase section */
		6CCE7F771AD2D4800071AD85 /* Resources */ = {
			isa = PBXResourcesBuildPhase;
			buildActionMask = 2147483647;
			files = (
				6CCE7F831AD2D4800071AD85 /* Images.xcassets in Resources */,
				6CCE7F861AD2D4800071AD85 /* Main.storyboard in Resources */,
			);
			runOnlyForDeploymentPostprocessing = 0;
		};
		6CCE7F891AD2D4800071AD85 /* Resources */ = {
			isa = PBXResourcesBuildPhase;
			buildActionMask = 2147483647;
			files = (
			);
			runOnlyForDeploymentPostprocessing = 0;
		};
/* End PBXResourcesBuildPhase section */

/* Begin PBXSourcesBuildPhase section */
		6CCE7F751AD2D4800071AD85 /* Sources */ = {
			isa = PBXSourcesBuildPhase;
			buildActionMask = 2147483647;
			files = (
				6CCE7F811AD2D4800071AD85 /* ViewController.swift in Sources */,
				6CCE7F7F1AD2D4800071AD85 /* AppDelegate.swift in Sources */,
			);
			runOnlyForDeploymentPostprocessing = 0;
		};
		6CCE7F871AD2D4800071AD85 /* Sources */ = {
			isa = PBXSourcesBuildPhase;
			buildActionMask = 2147483647;
			files = (
				6CCE7F921AD2D4800071AD85 /* MacAppIntroTests.swift in Sources */,
			);
			runOnlyForDeploymentPostprocessing = 0;
		};
/* End PBXSourcesBuildPhase section */

/* Begin PBXTargetDependency section */
		6CCE7F8D1AD2D4800071AD85 /* PBXTargetDependency */ = {
			isa = PBXTargetDependency;
			target = 6CCE7F781AD2D4800071AD85 /* BLE_Mac_Scanner */;
			targetProxy = 6CCE7F8C1AD2D4800071AD85 /* PBXContainerItemProxy */;
		};
/* End PBXTargetDependency section */

/* Begin PBXVariantGroup section */
		6CCE7F841AD2D4800071AD85 /* Main.storyboard */ = {
			isa = PBXVariantGroup;
			children = (
				6CCE7F851AD2D4800071AD85 /* Base */,
			);
			name = Main.storyboard;
			sourceTree = "<group>";
		};
/* End PBXVariantGroup section */

/* Begin XCBuildConfiguration section */
		6CCE7F931AD2D4800071AD85 /* Debug */ = {
			isa = XCBuildConfiguration;
			buildSettings = {
				ALWAYS_SEARCH_USER_PATHS = NO;
				CLANG_CXX_LANGUAGE_STANDARD = "gnu++0x";
				CLANG_CXX_LIBRARY = "libc++";
				CLANG_ENABLE_MODULES = YES;
				CLANG_ENABLE_OBJC_ARC = YES;
				CLANG_WARN_BOOL_CONVERSION = YES;
				CLANG_WARN_CONSTANT_CONVERSION = YES;
				CLANG_WARN_DIRECT_OBJC_ISA_USAGE = YES_ERROR;
				CLANG_WARN_EMPTY_BODY = YES;
				CLANG_WARN_ENUM_CONVERSION = YES;
				CLANG_WARN_INT_CONVERSION = YES;
				CLANG_WARN_OBJC_ROOT_CLASS = YES_ERROR;
				CLANG_WARN_UNREACHABLE_CODE = YES;
				CLANG_WARN__DUPLICATE_METHOD_MATCH = YES;
				CODE_SIGN_IDENTITY = "-";
				COPY_PHASE_STRIP = NO;
				ENABLE_STRICT_OBJC_MSGSEND = YES;
				GCC_C_LANGUAGE_STANDARD = gnu99;
				GCC_DYNAMIC_NO_PIC = NO;
				GCC_OPTIMIZATION_LEVEL = 0;
				GCC_PREPROCESSOR_DEFINITIONS = (
					"DEBUG=1",
					"$(inherited)",
				);
				GCC_SYMBOLS_PRIVATE_EXTERN = NO;
				GCC_WARN_64_TO_32_BIT_CONVERSION = YES;
				GCC_WARN_ABOUT_RETURN_TYPE = YES_ERROR;
				GCC_WARN_UNDECLARED_SELECTOR = YES;
				GCC_WARN_UNINITIALIZED_AUTOS = YES_AGGRESSIVE;
				GCC_WARN_UNUSED_FUNCTION = YES;
				GCC_WARN_UNUSED_VARIABLE = YES;
				MACOSX_DEPLOYMENT_TARGET = 10.10;
				MTL_ENABLE_DEBUG_INFO = YES;
				ONLY_ACTIVE_ARCH = YES;
				SDKROOT = macosx;
				SWIFT_OPTIMIZATION_LEVEL = "-Onone";
			};
			name = Debug;
		};
		6CCE7F941AD2D4800071AD85 /* Release */ = {
			isa = XCBuildConfiguration;
			buildSettings = {
				ALWAYS_SEARCH_USER_PATHS = NO;
				CLANG_CXX_LANGUAGE_STANDARD = "gnu++0x";
				CLANG_CXX_LIBRARY = "libc++";
				CLANG_ENABLE_MODULES = YES;
				CLANG_ENABLE_OBJC_ARC = YES;
				CLANG_WARN_BOOL_CONVERSION = YES;
				CLANG_WARN_CONSTANT_CONVERSION = YES;
				CLANG_WARN_DIRECT_OBJC_ISA_USAGE = YES_ERROR;
				CLANG_WARN_EMPTY_BODY = YES;
				CLANG_WARN_ENUM_CONVERSION = YES;
				CLANG_WARN_INT_CONVERSION = YES;
				CLANG_WARN_OBJC_ROOT_CLASS = YES_ERROR;
				CLANG_WARN_UNREACHABLE_CODE = YES;
				CLANG_WARN__DUPLICATE_METHOD_MATCH = YES;
				CODE_SIGN_IDENTITY = "-";
				COPY_PHASE_STRIP = NO;
				DEBUG_INFORMATION_FORMAT = "dwarf-with-dsym";
				ENABLE_NS_ASSERTIONS = NO;
				ENABLE_STRICT_OBJC_MSGSEND = YES;
				GCC_C_LANGUAGE_STANDARD = gnu99;
				GCC_WARN_64_TO_32_BIT_CONVERSION = YES;
				GCC_WARN_ABOUT_RETURN_TYPE = YES_ERROR;
				GCC_WARN_UNDECLARED_SELECTOR = YES;
				GCC_WARN_UNINITIALIZED_AUTOS = YES_AGGRESSIVE;
				GCC_WARN_UNUSED_FUNCTION = YES;
				GCC_WARN_UNUSED_VARIABLE = YES;
				MACOSX_DEPLOYMENT_TARGET = 10.10;
				MTL_ENABLE_DEBUG_INFO = NO;
				SDKROOT = macosx;
			};
			name = Release;
		};
		6CCE7F961AD2D4800071AD85 /* Debug */ = {
			isa = XCBuildConfiguration;
			buildSettings = {
				ASSETCATALOG_COMPILER_APPICON_NAME = AppIcon;
				COMBINE_HIDPI_IMAGES = YES;
				INFOPLIST_FILE = MacAppIntro/Info.plist;
				LD_RUNPATH_SEARCH_PATHS = "$(inherited) @executable_path/../Frameworks";
				PRODUCT_NAME = BLE_Mac_Scanner;
			};
			name = Debug;
		};
		6CCE7F971AD2D4800071AD85 /* Release */ = {
			isa = XCBuildConfiguration;
			buildSettings = {
				ASSETCATALOG_COMPILER_APPICON_NAME = AppIcon;
				COMBINE_HIDPI_IMAGES = YES;
				INFOPLIST_FILE = MacAppIntro/Info.plist;
				LD_RUNPATH_SEARCH_PATHS = "$(inherited) @executable_path/../Frameworks";
				PRODUCT_NAME = BLE_Mac_Scanner;
			};
			name = Release;
		};
		6CCE7F991AD2D4800071AD85 /* Debug */ = {
			isa = XCBuildConfiguration;
			buildSettings = {
				BUNDLE_LOADER = "$(TEST_HOST)";
				COMBINE_HIDPI_IMAGES = YES;
				FRAMEWORK_SEARCH_PATHS = (
					"$(DEVELOPER_FRAMEWORKS_DIR)",
					"$(inherited)",
				);
				GCC_PREPROCESSOR_DEFINITIONS = (
					"DEBUG=1",
					"$(inherited)",
				);
				INFOPLIST_FILE = MacAppIntroTests/Info.plist;
				LD_RUNPATH_SEARCH_PATHS = "$(inherited) @executable_path/../Frameworks @loader_path/../Frameworks";
				PRODUCT_NAME = BLE_Mac_ScannerTests;
				TEST_HOST = "$(BUILT_PRODUCTS_DIR)/BLE_Mac_Scanner.app/Contents/MacOS/BLE_Mac_Scanner";
			};
			name = Debug;
		};
		6CCE7F9A1AD2D4800071AD85 /* Release */ = {
			isa = XCBuildConfiguration;
			buildSettings = {
				BUNDLE_LOADER = "$(TEST_HOST)";
				COMBINE_HIDPI_IMAGES = YES;
				FRAMEWORK_SEARCH_PATHS = (
					"$(DEVELOPER_FRAMEWORKS_DIR)",
					"$(inherited)",
				);
				INFOPLIST_FILE = MacAppIntroTests/Info.plist;
				LD_RUNPATH_SEARCH_PATHS = "$(inherited) @executable_path/../Frameworks @loader_path/../Frameworks";
				PRODUCT_NAME = BLE_Mac_ScannerTests;
				TEST_HOST = "$(BUILT_PRODUCTS_DIR)/BLE_Mac_Scanner.app/Contents/MacOS/BLE_Mac_Scanner";
			};
			name = Release;
		};
/* End XCBuildConfiguration section */

/* Begin XCConfigurationList section */
		6CCE7F741AD2D4800071AD85 /* Build configuration list for PBXProject "BLE_Mac_Scanner" */ = {
			isa = XCConfigurationList;
			buildConfigurations = (
				6CCE7F931AD2D4800071AD85 /* Debug */,
				6CCE7F941AD2D4800071AD85 /* Release */,
			);
			defaultConfigurationIsVisible = 0;
			defaultConfigurationName = Release;
		};
		6CCE7F951AD2D4800071AD85 /* Build configuration list for PBXNativeTarget "BLE_Mac_Scanner" */ = {
			isa = XCConfigurationList;
			buildConfigurations = (
				6CCE7F961AD2D4800071AD85 /* Debug */,
				6CCE7F971AD2D4800071AD85 /* Release */,
			);
			defaultConfigurationIsVisible = 0;
			defaultConfigurationName = Release;
		};
		6CCE7F981AD2D4800071AD85 /* Build configuration list for PBXNativeTarget "BLE_Mac_ScannerTests" */ = {
			isa = XCConfigurationList;
			buildConfigurations = (
				6CCE7F991AD2D4800071AD85 /* Debug */,
				6CCE7F9A1AD2D4800071AD85 /* Release */,
			);
			defaultConfigurationIsVisible = 0;
			defaultConfigurationName = Release;
		};
/* End XCConfigurationList section */
	};
	rootObject = 6CCE7F711AD2D4800071AD85 /* Project object */;
}
